schema: '2.0'
stages:
  load_data:
    cmd: python src/load_data.py --config=params.yaml
    deps:
    - path: data_given/winequality.csv
      md5: 6a883fd98624e18c0b7ce251f4fab4fb
      size: 100951
    - path: src/get_data.py
      md5: 572899698e4cda104b2539f6c5dc90c8
      size: 687
    - path: src/load_data.py
      md5: 7c8b1a0cf561c2de5f308505b1186f3f
      size: 663
    outs:
    - path: data/raw/wineqaulity.csv
      md5: b81c95040ccc1f04820095a237ba3c61
      size: 95085
